// !$*UTF8*$!
{
	archiveVersion = 1;
	classes = {
	};
	objectVersion = 50;
	objects = {

/* Begin PBXBuildFile section */
		0305A8EC23CBE6C200D4A601 /* AppDelegate.swift in Sources */ = {isa = PBXBuildFile; fileRef = 0305A8EB23CBE6C200D4A601 /* AppDelegate.swift */; };
		0305A8EE23CBE6C200D4A601 /* SceneDelegate.swift in Sources */ = {isa = PBXBuildFile; fileRef = 0305A8ED23CBE6C200D4A601 /* SceneDelegate.swift */; };
		0305A8F023CBE6C200D4A601 /* ContentView.swift in Sources */ = {isa = PBXBuildFile; fileRef = 0305A8EF23CBE6C200D4A601 /* ContentView.swift */; };
		0305A8F223CBE6C400D4A601 /* Assets.xcassets in Resources */ = {isa = PBXBuildFile; fileRef = 0305A8F123CBE6C400D4A601 /* Assets.xcassets */; };
		0305A8F523CBE6C400D4A601 /* Preview Assets.xcassets in Resources */ = {isa = PBXBuildFile; fileRef = 0305A8F423CBE6C400D4A601 /* Preview Assets.xcassets */; };
		0305A8F823CBE6C400D4A601 /* LaunchScreen.storyboard in Resources */ = {isa = PBXBuildFile; fileRef = 0305A8F623CBE6C400D4A601 /* LaunchScreen.storyboard */; };
/* End PBXBuildFile section */

/* Begin PBXFileReference section */
		0305A8E823CBE6C200D4A601 /* PytorchMobileWithSwiftUI.app */ = {isa = PBXFileReference; explicitFileType = wrapper.application; includeInIndex = 0; path = PytorchMobileWithSwiftUI.app; sourceTree = BUILT_PRODUCTS_DIR; };
		0305A8EB23CBE6C200D4A601 /* AppDelegate.swift */ = {isa = PBXFileReference; lastKnownFileType = sourcecode.swift; path = AppDelegate.swift; sourceTree = "<group>"; };
		0305A8ED23CBE6C200D4A601 /* SceneDelegate.swift */ = {isa = PBXFileReference; lastKnownFileType = sourcecode.swift; path = SceneDelegate.swift; sourceTree = "<group>"; };
		0305A8EF23CBE6C200D4A601 /* ContentView.swift */ = {isa = PBXFileReference; lastKnownFileType = sourcecode.swift; path = ContentView.swift; sourceTree = "<group>"; };
		0305A8F123CBE6C400D4A601 /* Assets.xcassets */ = {isa = PBXFileReference; lastKnownFileType = folder.assetcatalog; path = Assets.xcassets; sourceTree = "<group>"; };
		0305A8F423CBE6C400D4A601 /* Preview Assets.xcassets */ = {isa = PBXFileReference; lastKnownFileType = folder.assetcatalog; path = "Preview Assets.xcassets"; sourceTree = "<group>"; };
		0305A8F723CBE6C400D4A601 /* Base */ = {isa = PBXFileReference; lastKnownFileType = file.storyboard; name = Base; path = Base.lproj/LaunchScreen.storyboard; sourceTree = "<group>"; };
		0305A8F923CBE6C400D4A601 /* Info.plist */ = {isa = PBXFileReference; lastKnownFileType = text.plist.xml; path = Info.plist; sourceTree = "<group>"; };
/* End PBXFileReference section */

/* Begin PBXFrameworksBuildPhase section */
		0305A8E523CBE6C200D4A601 /* Frameworks */ = {
			isa = PBXFrameworksBuildPhase;
			buildActionMask = 2147483647;
			files = (
			);
			runOnlyForDeploymentPostprocessing = 0;
		};
/* End PBXFrameworksBuildPhase section */

/* Begin PBXGroup section */
		0305A8DF23CBE6C200D4A601 = {
			isa = PBXGroup;
			children = (
				0305A8EA23CBE6C200D4A601 /* PytorchMobileWithSwiftUI */,
				0305A8E923CBE6C200D4A601 /* Products */,
			);
			sourceTree = "<group>";
		};
		0305A8E923CBE6C200D4A601 /* Products */ = {
			isa = PBXGroup;
			children = (
				0305A8E823CBE6C200D4A601 /* PytorchMobileWithSwiftUI.app */,
			);
			name = Products;
			sourceTree = "<group>";
		};
		0305A8EA23CBE6C200D4A601 /* PytorchMobileWithSwiftUI */ = {
			isa = PBXGroup;
			children = (
				0305A8EB23CBE6C200D4A601 /* AppDelegate.swift */,
				0305A8ED23CBE6C200D4A601 /* SceneDelegate.swift */,
				0305A8EF23CBE6C200D4A601 /* ContentView.swift */,
				0305A8F123CBE6C400D4A601 /* Assets.xcassets */,
				0305A8F623CBE6C400D4A601 /* LaunchScreen.storyboard */,
				0305A8F923CBE6C400D4A601 /* Info.plist */,
				0305A8F323CBE6C400D4A601 /* Preview Content */,
			);
			path = PytorchMobileWithSwiftUI;
			sourceTree = "<group>";
		};
		0305A8F323CBE6C400D4A601 /* Preview Content */ = {
			isa = PBXGroup;
			children = (
				0305A8F423CBE6C400D4A601 /* Preview Assets.xcassets */,
			);
			path = "Preview Content";
			sourceTree = "<group>";
		};
/* End PBXGroup section */

/* Begin PBXNativeTarget section */
		0305A8E723CBE6C200D4A601 /* PytorchMobileWithSwiftUI */ = {
			isa = PBXNativeTarget;
			buildConfigurationList = 0305A8FC23CBE6C400D4A601 /* Build configuration list for PBXNativeTarget "PytorchMobileWithSwiftUI" */;
			buildPhases = (
				0305A8E423CBE6C200D4A601 /* Sources */,
				0305A8E523CBE6C200D4A601 /* Frameworks */,
				0305A8E623CBE6C200D4A601 /* Resources */,
			);
			buildRules = (
			);
			dependencies = (
			);
			name = PytorchMobileWithSwiftUI;
			productName = PytorchMobileWithSwiftUI;
			productReference = 0305A8E823CBE6C200D4A601 /* PytorchMobileWithSwiftUI.app */;
			productType = "com.apple.product-type.application";
		};
/* End PBXNativeTarget section */

/* Begin PBXProject section */
		0305A8E023CBE6C200D4A601 /* Project object */ = {
			isa = PBXProject;
			attributes = {
				LastSwiftUpdateCheck = 1120;
				LastUpgradeCheck = 1120;
				ORGANIZATIONNAME = peterpan;
				TargetAttributes = {
					0305A8E723CBE6C200D4A601 = {
						CreatedOnToolsVersion = 11.2;
					};
				};
			};
			buildConfigurationList = 0305A8E323CBE6C200D4A601 /* Build configuration list for PBXProject "PytorchMobileWithSwiftUI" */;
			compatibilityVersion = "Xcode 9.3";
			developmentRegion = en;
			hasScannedForEncodings = 0;
			knownRegions = (
				en,
				Base,
			);
			mainGroup = 0305A8DF23CBE6C200D4A601;
			productRefGroup = 0305A8E923CBE6C200D4A601 /* Products */;
			projectDirPath = "";
			projectRoot = "";
			targets = (
				0305A8E723CBE6C200D4A601 /* PytorchMobileWithSwiftUI */,
			);
		};
/* End PBXProject section */

/* Begin PBXResourcesBuildPhase section */
		0305A8E623CBE6C200D4A601 /* Resources */ = {
			isa = PBXResourcesBuildPhase;
			buildActionMask = 2147483647;
			files = (
				0305A8F823CBE6C400D4A601 /* LaunchScreen.storyboard in Resources */,
				0305A8F523CBE6C400D4A601 /* Preview Assets.xcassets in Resources */,
				0305A8F223CBE6C400D4A601 /* Assets.xcassets in Resources */,
			);
			runOnlyForDeploymentPostprocessing = 0;
		};
/* End PBXResourcesBuildPhase section */

/* Begin PBXSourcesBuildPhase section */
		0305A8E423CBE6C200D4A601 /* Sources */ = {
			isa = PBXSourcesBuildPhase;
			buildActionMask = 2147483647;
			files = (
				0305A8EC23CBE6C200D4A601 /* AppDelegate.swift in Sources */,
				0305A8EE23CBE6C200D4A601 /* SceneDelegate.swift in Sources */,
				0305A8F023CBE6C200D4A601 /* ContentView.swift in Sources */,
			);
			runOnlyForDeploymentPostprocessing = 0;
		};
/* End PBXSourcesBuildPhase section */

/* Begin PBXVariantGroup section */
		0305A8F623CBE6C400D4A601 /* LaunchScreen.storyboard */ = {
			isa = PBXVariantGroup;
			children = (
				0305A8F723CBE6C400D4A601 /* Base */,
			);
			name = LaunchScreen.storyboard;
			sourceTree = "<group>";
		};
/* End PBXVariantGroup section */

/* Begin XCBuildConfiguration section */
		0305A8FA23CBE6C400D4A601 /* Debug */ = {
			isa = XCBuildConfiguration;
			buildSettings = {
				ALWAYS_SEARCH_USER_PATHS = NO;
				CLANG_ANALYZER_NONNULL = YES;
				CLANG_ANALYZER_NUMBER_OBJECT_CONVERSION = YES_AGGRESSIVE;
				CLANG_CXX_LANGUAGE_STANDARD = "gnu++14";
				CLANG_CXX_LIBRARY = "libc++";
				CLANG_ENABLE_MODULES = YES;
				CLANG_ENABLE_OBJC_ARC = YES;
				CLANG_ENABLE_OBJC_WEAK = YES;
				CLANG_WARN_BLOCK_CAPTURE_AUTORELEASING = YES;
				CLANG_WARN_BOOL_CONVERSION = YES;
				CLANG_WARN_COMMA = YES;
				CLANG_WARN_CONSTANT_CONVERSION = YES;
				CLANG_WARN_DEPRECATED_OBJC_IMPLEMENTATIONS = YES;
				CLANG_WARN_DIRECT_OBJC_ISA_USAGE = YES_ERROR;
				CLANG_WARN_DOCUMENTATION_COMMENTS = YES;
				CLANG_WARN_EMPTY_BODY = YES;
				CLANG_WARN_ENUM_CONVERSION = YES;
				CLANG_WARN_INFINITE_RECURSION = YES;
				CLANG_WARN_INT_CONVERSION = YES;
				CLANG_WARN_NON_LITERAL_NULL_CONVERSION = YES;
				CLANG_WARN_OBJC_IMPLICIT_RETAIN_SELF = YES;
				CLANG_WARN_OBJC_LITERAL_CONVERSION = YES;
				CLANG_WARN_OBJC_ROOT_CLASS = YES_ERROR;
				CLANG_WARN_RANGE_LOOP_ANALYSIS = YES;
				CLANG_WARN_STRICT_PROTOTYPES = YES;
				CLANG_WARN_SUSPICIOUS_MOVE = YES;
				CLANG_WARN_UNGUARDED_AVAILABILITY = YES_AGGRESSIVE;
				CLANG_WARN_UNREACHABLE_CODE = YES;
				CLANG_WARN__DUPLICATE_METHOD_MATCH = YES;
				COPY_PHASE_STRIP = NO;
				DEBUG_INFORMATION_FORMAT = dwarf;
				ENABLE_STRICT_OBJC_MSGSEND = YES;
				ENABLE_TESTABILITY = YES;
				GCC_C_LANGUAGE_STANDARD = gnu11;
				GCC_DYNAMIC_NO_PIC = NO;
				GCC_NO_COMMON_BLOCKS = YES;
				GCC_OPTIMIZATION_LEVEL = 0;
				GCC_PREPROCESSOR_DEFINITIONS = (
					"DEBUG=1",
					"$(inherited)",
				);
				GCC_WARN_64_TO_32_BIT_CONVERSION = YES;
				GCC_WARN_ABOUT_RETURN_TYPE = YES_ERROR;
				GCC_WARN_UNDECLARED_SELECTOR = YES;
				GCC_WARN_UNINITIALIZED_AUTOS = YES_AGGRESSIVE;
				GCC_WARN_UNUSED_FUNCTION = YES;
				GCC_WARN_UNUSED_VARIABLE = YES;
				IPHONEOS_DEPLOYMENT_TARGET = 13.2;
				MTL_ENABLE_DEBUG_INFO = INCLUDE_SOURCE;
				MTL_FAST_MATH = YES;
				ONLY_ACTIVE_ARCH = YES;
				SDKROOT = iphoneos;
				SWIFT_ACTIVE_COMPILATION_CONDITIONS = DEBUG;
				SWIFT_OPTIMIZATION_LEVEL = "-Onone";
			};
			name = Debug;
		};
		0305A8FB23CBE6C400D4A601 /* Release */ = {
			isa = XCBuildConfiguration;
			buildSettings = {
				ALWAYS_SEARCH_USER_PATHS = NO;
				CLANG_ANALYZER_NONNULL = YES;
				CLANG_ANALYZER_NUMBER_OBJECT_CONVERSION = YES_AGGRESSIVE;
				CLANG_CXX_LANGUAGE_STANDARD = "gnu++14";
				CLANG_CXX_LIBRARY = "libc++";
				CLANG_ENABLE_MODULES = YES;
				CLANG_ENABLE_OBJC_ARC = YES;
				CLANG_ENABLE_OBJC_WEAK = YES;
				CLANG_WARN_BLOCK_CAPTURE_AUTORELEASING = YES;
				CLANG_WARN_BOOL_CONVERSION = YES;
				CLANG_WARN_COMMA = YES;
				CLANG_WARN_CONSTANT_CONVERSION = YES;
				CLANG_WARN_DEPRECATED_OBJC_IMPLEMENTATIONS = YES;
				CLANG_WARN_DIRECT_OBJC_ISA_USAGE = YES_ERROR;
				CLANG_WARN_DOCUMENTATION_COMMENTS = YES;
				CLANG_WARN_EMPTY_BODY = YES;
				CLANG_WARN_ENUM_CONVERSION = YES;
				CLANG_WARN_INFINITE_RECURSION = YES;
				CLANG_WARN_INT_CONVERSION = YES;
				CLANG_WARN_NON_LITERAL_NULL_CONVERSION = YES;
				CLANG_WARN_OBJC_IMPLICIT_RETAIN_SELF = YES;
				CLANG_WARN_OBJC_LITERAL_CONVERSION = YES;
				CLANG_WARN_OBJC_ROOT_CLASS = YES_ERROR;
				CLANG_WARN_RANGE_LOOP_ANALYSIS = YES;
				CLANG_WARN_STRICT_PROTOTYPES = YES;
				CLANG_WARN_SUSPICIOUS_MOVE = YES;
				CLANG_WARN_UNGUARDED_AVAILABILITY = YES_AGGRESSIVE;
				CLANG_WARN_UNREACHABLE_CODE = YES;
				CLANG_WARN__DUPLICATE_METHOD_MATCH = YES;
				COPY_PHASE_STRIP = NO;
				DEBUG_INFORMATION_FORMAT = "dwarf-with-dsym";
				ENABLE_NS_ASSERTIONS = NO;
				ENABLE_STRICT_OBJC_MSGSEND = YES;
				GCC_C_LANGUAGE_STANDARD = gnu11;
				GCC_NO_COMMON_BLOCKS = YES;
				GCC_WARN_64_TO_32_BIT_CONVERSION = YES;
				GCC_WARN_ABOUT_RETURN_TYPE = YES_ERROR;
				GCC_WARN_UNDECLARED_SELECTOR = YES;
				GCC_WARN_UNINITIALIZED_AUTOS = YES_AGGRESSIVE;
				GCC_WARN_UNUSED_FUNCTION = YES;
				GCC_WARN_UNUSED_VARIABLE = YES;
				IPHONEOS_DEPLOYMENT_TARGET = 13.2;
				MTL_ENABLE_DEBUG_INFO = NO;
				MTL_FAST_MATH = YES;
				SDKROOT = iphoneos;
				SWIFT_COMPILATION_MODE = wholemodule;
				SWIFT_OPTIMIZATION_LEVEL = "-O";
				VALIDATE_PRODUCT = YES;
			};
			name = Release;
		};
		0305A8FD23CBE6C400D4A601 /* Debug */ = {
			isa = XCBuildConfiguration;
			buildSettings = {
				ASSETCATALOG_COMPILER_APPICON_NAME = AppIcon;
				CODE_SIGN_STYLE = Automatic;
				DEVELOPMENT_ASSET_PATHS = "\"PytorchMobileWithSwiftUI/Preview Content\"";
				ENABLE_PREVIEWS = YES;
				INFOPLIST_FILE = PytorchMobileWithSwiftUI/Info.plist;
				LD_RUNPATH_SEARCH_PATHS = (
					"$(inherited)",
					"@executable_path/Frameworks",
				);
				PRODUCT_BUNDLE_IDENTIFIER = hellopytorch.PytorchMobileWithSwiftUI;
				PRODUCT_NAME = "$(TARGET_NAME)";
				SWIFT_VERSION = 5.0;
				TARGETED_DEVICE_FAMILY = "1,2";
			};
			name = Debug;
		};
		0305A8FE23CBE6C400D4A601 /* Release */ = {
			isa = XCBuildConfiguration;
			buildSettings = {
				ASSETCATALOG_COMPILER_APPICON_NAME = AppIcon;
				CODE_SIGN_STYLE = Automatic;
				DEVELOPMENT_ASSET_PATHS = "\"PytorchMobileWithSwiftUI/Preview Content\"";
				ENABLE_PREVIEWS = YES;
				INFOPLIST_FILE = PytorchMobileWithSwiftUI/Info.plist;
				LD_RUNPATH_SEARCH_PATHS = (
					"$(inherited)",
					"@executable_path/Frameworks",
				);
				PRODUCT_BUNDLE_IDENTIFIER = hellopytorch.PytorchMobileWithSwiftUI;
				PRODUCT_NAME = "$(TARGET_NAME)";
				SWIFT_VERSION = 5.0;
				TARGETED_DEVICE_FAMILY = "1,2";
			};
			name = Release;
		};
/* End XCBuildConfiguration section */

/* Begin XCConfigurationList section */
		0305A8E323CBE6C200D4A601 /* Build configuration list for PBXProject "PytorchMobileWithSwiftUI" */ = {
			isa = XCConfigurationList;
			buildConfigurations = (
				0305A8FA23CBE6C400D4A601 /* Debug */,
				0305A8FB23CBE6C400D4A601 /* Release */,
			);
			defaultConfigurationIsVisible = 0;
			defaultConfigurationName = Release;
		};
		0305A8FC23CBE6C400D4A601 /* Build configuration list for PBXNativeTarget "PytorchMobileWithSwiftUI" */ = {
			isa = XCConfigurationList;
			buildConfigurations = (
				0305A8FD23CBE6C400D4A601 /* Debug */,
				0305A8FE23CBE6C400D4A601 /* Release */,
			);
			defaultConfigurationIsVisible = 0;
			defaultConfigurationName = Release;
		};
/* End XCConfigurationList section */
	};
	rootObject = 0305A8E023CBE6C200D4A601 /* Project object */;
}
